// !$*UTF8*$!
{
	archiveVersion = 1;
	classes = {
	};
	objectVersion = 46;
	objects = {

/* Begin PBXBuildFile section */
		91AE34C81EC54A3700C00F10 /* TableViewCell.swift in Sources */ = {isa = PBXBuildFile; fileRef = 91AE34C71EC54A3700C00F10 /* TableViewCell.swift */; };
		91AE34CB1EC54BED00C00F10 /* Image.swift in Sources */ = {isa = PBXBuildFile; fileRef = 91AE34CA1EC54BED00C00F10 /* Image.swift */; };
		91AE34CD1EC550BB00C00F10 /* CollectionViewCell.swift in Sources */ = {isa = PBXBuildFile; fileRef = 91AE34CC1EC550BB00C00F10 /* CollectionViewCell.swift */; };
		91AE34D31EC5556900C00F10 /* Category.swift in Sources */ = {isa = PBXBuildFile; fileRef = 91AE34D21EC5556900C00F10 /* Category.swift */; };
		91AE34D51EC561E900C00F10 /* DetailVC.swift in Sources */ = {isa = PBXBuildFile; fileRef = 91AE34D41EC561E900C00F10 /* DetailVC.swift */; };
		91AE4D1A1EC479D20063F367 /* AppDelegate.swift in Sources */ = {isa = PBXBuildFile; fileRef = 91AE4D191EC479D20063F367 /* AppDelegate.swift */; };
		91AE4D1F1EC479D20063F367 /* Main.storyboard in Resources */ = {isa = PBXBuildFile; fileRef = 91AE4D1D1EC479D20063F367 /* Main.storyboard */; };
		91AE4D211EC479D20063F367 /* Assets.xcassets in Resources */ = {isa = PBXBuildFile; fileRef = 91AE4D201EC479D20063F367 /* Assets.xcassets */; };
		91AE4D241EC479D20063F367 /* LaunchScreen.storyboard in Resources */ = {isa = PBXBuildFile; fileRef = 91AE4D221EC479D20063F367 /* LaunchScreen.storyboard */; };
		91AE4D2F1EC479D30063F367 /* CollectInTableTests.swift in Sources */ = {isa = PBXBuildFile; fileRef = 91AE4D2E1EC479D30063F367 /* CollectInTableTests.swift */; };
		91AE4D3A1EC479D30063F367 /* CollectInTableUITests.swift in Sources */ = {isa = PBXBuildFile; fileRef = 91AE4D391EC479D30063F367 /* CollectInTableUITests.swift */; };
		91AE4D5D1EC47B460063F367 /* beverage1.jpg in Resources */ = {isa = PBXBuildFile; fileRef = 91AE4D481EC47B460063F367 /* beverage1.jpg */; };
		91AE4D5E1EC47B460063F367 /* beverage2.jpg in Resources */ = {isa = PBXBuildFile; fileRef = 91AE4D491EC47B460063F367 /* beverage2.jpg */; };
		91AE4D5F1EC47B460063F367 /* beverage3.jpg in Resources */ = {isa = PBXBuildFile; fileRef = 91AE4D4A1EC47B460063F367 /* beverage3.jpg */; };
		91AE4D601EC47B460063F367 /* beverage4.jpg in Resources */ = {isa = PBXBuildFile; fileRef = 91AE4D4B1EC47B460063F367 /* beverage4.jpg */; };
		91AE4D611EC47B460063F367 /* beverage5.jpg in Resources */ = {isa = PBXBuildFile; fileRef = 91AE4D4C1EC47B460063F367 /* beverage5.jpg */; };
		91AE4D621EC47B460063F367 /* beverage6.jpg in Resources */ = {isa = PBXBuildFile; fileRef = 91AE4D4D1EC47B460063F367 /* beverage6.jpg */; };
		91AE4D631EC47B460063F367 /* beverage7.jpg in Resources */ = {isa = PBXBuildFile; fileRef = 91AE4D4E1EC47B460063F367 /* beverage7.jpg */; };
		91AE4D641EC47B460063F367 /* grill1.jpg in Resources */ = {isa = PBXBuildFile; fileRef = 91AE4D4F1EC47B460063F367 /* grill1.jpg */; };
		91AE4D651EC47B460063F367 /* grill2.jpg in Resources */ = {isa = PBXBuildFile; fileRef = 91AE4D501EC47B460063F367 /* grill2.jpg */; };
		91AE4D661EC47B460063F367 /* grill3.jpg in Resources */ = {isa = PBXBuildFile; fileRef = 91AE4D511EC47B460063F367 /* grill3.jpg */; };
		91AE4D671EC47B460063F367 /* grill4.jpg in Resources */ = {isa = PBXBuildFile; fileRef = 91AE4D521EC47B460063F367 /* grill4.jpg */; };
		91AE4D681EC47B460063F367 /* grill5.jpg in Resources */ = {isa = PBXBuildFile; fileRef = 91AE4D531EC47B460063F367 /* grill5.jpg */; };
		91AE4D691EC47B460063F367 /* grill6.jpg in Resources */ = {isa = PBXBuildFile; fileRef = 91AE4D541EC47B460063F367 /* grill6.jpg */; };
		91AE4D6A1EC47B460063F367 /* grill7.jpg in Resources */ = {isa = PBXBuildFile; fileRef = 91AE4D551EC47B460063F367 /* grill7.jpg */; };
		91AE4D6B1EC47B460063F367 /* seafood1.jpg in Resources */ = {isa = PBXBuildFile; fileRef = 91AE4D561EC47B460063F367 /* seafood1.jpg */; };
		91AE4D6C1EC47B460063F367 /* seafood2.jpg in Resources */ = {isa = PBXBuildFile; fileRef = 91AE4D571EC47B460063F367 /* seafood2.jpg */; };
		91AE4D6D1EC47B460063F367 /* seafood3.jpg in Resources */ = {isa = PBXBuildFile; fileRef = 91AE4D581EC47B460063F367 /* seafood3.jpg */; };
		91AE4D6E1EC47B460063F367 /* seafood4.jpg in Resources */ = {isa = PBXBuildFile; fileRef = 91AE4D591EC47B460063F367 /* seafood4.jpg */; };
		91AE4D6F1EC47B460063F367 /* seafood5.jpg in Resources */ = {isa = PBXBuildFile; fileRef = 91AE4D5A1EC47B460063F367 /* seafood5.jpg */; };
		91AE4D701EC47B460063F367 /* seafood6.jpg in Resources */ = {isa = PBXBuildFile; fileRef = 91AE4D5B1EC47B460063F367 /* seafood6.jpg */; };
		91AE4D711EC47B460063F367 /* seafood7.jpg in Resources */ = {isa = PBXBuildFile; fileRef = 91AE4D5C1EC47B460063F367 /* seafood7.jpg */; };
		91AE4D731EC47B8E0063F367 /* TableViewController.swift in Sources */ = {isa = PBXBuildFile; fileRef = 91AE4D721EC47B8E0063F367 /* TableViewController.swift */; };
/* End PBXBuildFile section */

/* Begin PBXContainerItemProxy section */
		91AE4D2B1EC479D20063F367 /* PBXContainerItemProxy */ = {
			isa = PBXContainerItemProxy;
			containerPortal = 91AE4D0E1EC479D20063F367 /* Project object */;
			proxyType = 1;
			remoteGlobalIDString = 91AE4D151EC479D20063F367;
			remoteInfo = CollectInTable;
		};
		91AE4D361EC479D30063F367 /* PBXContainerItemProxy */ = {
			isa = PBXContainerItemProxy;
			containerPortal = 91AE4D0E1EC479D20063F367 /* Project object */;
			proxyType = 1;
			remoteGlobalIDString = 91AE4D151EC479D20063F367;
			remoteInfo = CollectInTable;
		};
/* End PBXContainerItemProxy section */

/* Begin PBXFileReference section */
		91AE34C71EC54A3700C00F10 /* TableViewCell.swift */ = {isa = PBXFileReference; fileEncoding = 4; lastKnownFileType = sourcecode.swift; path = TableViewCell.swift; sourceTree = "<group>"; };
		91AE34CA1EC54BED00C00F10 /* Image.swift */ = {isa = PBXFileReference; fileEncoding = 4; lastKnownFileType = sourcecode.swift; path = Image.swift; sourceTree = "<group>"; };
		91AE34CC1EC550BB00C00F10 /* CollectionViewCell.swift */ = {isa = PBXFileReference; fileEncoding = 4; lastKnownFileType = sourcecode.swift; path = CollectionViewCell.swift; sourceTree = "<group>"; };
		91AE34D21EC5556900C00F10 /* Category.swift */ = {isa = PBXFileReference; fileEncoding = 4; lastKnownFileType = sourcecode.swift; path = Category.swift; sourceTree = "<group>"; };
		91AE34D41EC561E900C00F10 /* DetailVC.swift */ = {isa = PBXFileReference; fileEncoding = 4; lastKnownFileType = sourcecode.swift; path = DetailVC.swift; sourceTree = "<group>"; };
		91AE4D161EC479D20063F367 /* CollectInTable.app */ = {isa = PBXFileReference; explicitFileType = wrapper.application; includeInIndex = 0; path = CollectInTable.app; sourceTree = BUILT_PRODUCTS_DIR; };
		91AE4D191EC479D20063F367 /* AppDelegate.swift */ = {isa = PBXFileReference; lastKnownFileType = sourcecode.swift; path = AppDelegate.swift; sourceTree = "<group>"; };
		91AE4D1E1EC479D20063F367 /* Base */ = {isa = PBXFileReference; lastKnownFileType = file.storyboard; name = Base; path = Base.lproj/Main.storyboard; sourceTree = "<group>"; };
		91AE4D201EC479D20063F367 /* Assets.xcassets */ = {isa = PBXFileReference; lastKnownFileType = folder.assetcatalog; path = Assets.xcassets; sourceTree = "<group>"; };
		91AE4D231EC479D20063F367 /* Base */ = {isa = PBXFileReference; lastKnownFileType = file.storyboard; name = Base; path = Base.lproj/LaunchScreen.storyboard; sourceTree = "<group>"; };
		91AE4D251EC479D20063F367 /* Info.plist */ = {isa = PBXFileReference; lastKnownFileType = text.plist.xml; path = Info.plist; sourceTree = "<group>"; };
		91AE4D2A1EC479D20063F367 /* CollectInTableTests.xctest */ = {isa = PBXFileReference; explicitFileType = wrapper.cfbundle; includeInIndex = 0; path = CollectInTableTests.xctest; sourceTree = BUILT_PRODUCTS_DIR; };
		91AE4D2E1EC479D30063F367 /* CollectInTableTests.swift */ = {isa = PBXFileReference; lastKnownFileType = sourcecode.swift; path = CollectInTableTests.swift; sourceTree = "<group>"; };
		91AE4D301EC479D30063F367 /* Info.plist */ = {isa = PBXFileReference; lastKnownFileType = text.plist.xml; path = Info.plist; sourceTree = "<group>"; };
		91AE4D351EC479D30063F367 /* CollectInTableUITests.xctest */ = {isa = PBXFileReference; explicitFileType = wrapper.cfbundle; includeInIndex = 0; path = CollectInTableUITests.xctest; sourceTree = BUILT_PRODUCTS_DIR; };
		91AE4D391EC479D30063F367 /* CollectInTableUITests.swift */ = {isa = PBXFileReference; lastKnownFileType = sourcecode.swift; path = CollectInTableUITests.swift; sourceTree = "<group>"; };
		91AE4D3B1EC479D30063F367 /* Info.plist */ = {isa = PBXFileReference; lastKnownFileType = text.plist.xml; path = Info.plist; sourceTree = "<group>"; };
		91AE4D481EC47B460063F367 /* beverage1.jpg */ = {isa = PBXFileReference; lastKnownFileType = image.jpeg; path = beverage1.jpg; sourceTree = "<group>"; };
		91AE4D491EC47B460063F367 /* beverage2.jpg */ = {isa = PBXFileReference; lastKnownFileType = image.jpeg; path = beverage2.jpg; sourceTree = "<group>"; };
		91AE4D4A1EC47B460063F367 /* beverage3.jpg */ = {isa = PBXFileReference; lastKnownFileType = image.jpeg; path = beverage3.jpg; sourceTree = "<group>"; };
		91AE4D4B1EC47B460063F367 /* beverage4.jpg */ = {isa = PBXFileReference; lastKnownFileType = image.jpeg; path = beverage4.jpg; sourceTree = "<group>"; };
		91AE4D4C1EC47B460063F367 /* beverage5.jpg */ = {isa = PBXFileReference; lastKnownFileType = image.jpeg; path = beverage5.jpg; sourceTree = "<group>"; };
		91AE4D4D1EC47B460063F367 /* beverage6.jpg */ = {isa = PBXFileReference; lastKnownFileType = image.jpeg; path = beverage6.jpg; sourceTree = "<group>"; };
		91AE4D4E1EC47B460063F367 /* beverage7.jpg */ = {isa = PBXFileReference; lastKnownFileType = image.jpeg; path = beverage7.jpg; sourceTree = "<group>"; };
		91AE4D4F1EC47B460063F367 /* grill1.jpg */ = {isa = PBXFileReference; lastKnownFileType = image.jpeg; path = grill1.jpg; sourceTree = "<group>"; };
		91AE4D501EC47B460063F367 /* grill2.jpg */ = {isa = PBXFileReference; lastKnownFileType = image.jpeg; path = grill2.jpg; sourceTree = "<group>"; };
		91AE4D511EC47B460063F367 /* grill3.jpg */ = {isa = PBXFileReference; lastKnownFileType = image.jpeg; path = grill3.jpg; sourceTree = "<group>"; };
		91AE4D521EC47B460063F367 /* grill4.jpg */ = {isa = PBXFileReference; lastKnownFileType = image.jpeg; path = grill4.jpg; sourceTree = "<group>"; };
		91AE4D531EC47B460063F367 /* grill5.jpg */ = {isa = PBXFileReference; lastKnownFileType = image.jpeg; path = grill5.jpg; sourceTree = "<group>"; };
		91AE4D541EC47B460063F367 /* grill6.jpg */ = {isa = PBXFileReference; lastKnownFileType = image.jpeg; path = grill6.jpg; sourceTree = "<group>"; };
		91AE4D551EC47B460063F367 /* grill7.jpg */ = {isa = PBXFileReference; lastKnownFileType = image.jpeg; path = grill7.jpg; sourceTree = "<group>"; };
		91AE4D561EC47B460063F367 /* seafood1.jpg */ = {isa = PBXFileReference; lastKnownFileType = image.jpeg; path = seafood1.jpg; sourceTree = "<group>"; };
		91AE4D571EC47B460063F367 /* seafood2.jpg */ = {isa = PBXFileReference; lastKnownFileType = image.jpeg; path = seafood2.jpg; sourceTree = "<group>"; };
		91AE4D581EC47B460063F367 /* seafood3.jpg */ = {isa = PBXFileReference; lastKnownFileType = image.jpeg; path = seafood3.jpg; sourceTree = "<group>"; };
		91AE4D591EC47B460063F367 /* seafood4.jpg */ = {isa = PBXFileReference; lastKnownFileType = image.jpeg; path = seafood4.jpg; sourceTree = "<group>"; };
		91AE4D5A1EC47B460063F367 /* seafood5.jpg */ = {isa = PBXFileReference; lastKnownFileType = image.jpeg; path = seafood5.jpg; sourceTree = "<group>"; };
		91AE4D5B1EC47B460063F367 /* seafood6.jpg */ = {isa = PBXFileReference; lastKnownFileType = image.jpeg; path = seafood6.jpg; sourceTree = "<group>"; };
		91AE4D5C1EC47B460063F367 /* seafood7.jpg */ = {isa = PBXFileReference; lastKnownFileType = image.jpeg; path = seafood7.jpg; sourceTree = "<group>"; };
		91AE4D721EC47B8E0063F367 /* TableViewController.swift */ = {isa = PBXFileReference; fileEncoding = 4; lastKnownFileType = sourcecode.swift; path = TableViewController.swift; sourceTree = "<group>"; };
/* End PBXFileReference section */

/* Begin PBXFrameworksBuildPhase section */
		91AE4D131EC479D20063F367 /* Frameworks */ = {
			isa = PBXFrameworksBuildPhase;
			buildActionMask = 2147483647;
			files = (
			);
			runOnlyForDeploymentPostprocessing = 0;
		};
		91AE4D271EC479D20063F367 /* Frameworks */ = {
			isa = PBXFrameworksBuildPhase;
			buildActionMask = 2147483647;
			files = (
			);
			runOnlyForDeploymentPostprocessing = 0;
		};
		91AE4D321EC479D30063F367 /* Frameworks */ = {
			isa = PBXFrameworksBuildPhase;
			buildActionMask = 2147483647;
			files = (
			);
			runOnlyForDeploymentPostprocessing = 0;
		};
/* End PBXFrameworksBuildPhase section */

/* Begin PBXGroup section */
		91AE34C91EC54BDA00C00F10 /* Model */ = {
			isa = PBXGroup;
			children = (
				91AE34CA1EC54BED00C00F10 /* Image.swift */,
				91AE34D21EC5556900C00F10 /* Category.swift */,
			);
			name = Model;
			sourceTree = "<group>";
		};
		91AE4D0D1EC479D20063F367 = {
			isa = PBXGroup;
			children = (
				91AE4D181EC479D20063F367 /* CollectInTable */,
				91AE4D2D1EC479D30063F367 /* CollectInTableTests */,
				91AE4D381EC479D30063F367 /* CollectInTableUITests */,
				91AE4D171EC479D20063F367 /* Products */,
			);
			sourceTree = "<group>";
		};
		91AE4D171EC479D20063F367 /* Products */ = {
			isa = PBXGroup;
			children = (
				91AE4D161EC479D20063F367 /* CollectInTable.app */,
				91AE4D2A1EC479D20063F367 /* CollectInTableTests.xctest */,
				91AE4D351EC479D30063F367 /* CollectInTableUITests.xctest */,
			);
			name = Products;
			sourceTree = "<group>";
		};
		91AE4D181EC479D20063F367 /* CollectInTable */ = {
			isa = PBXGroup;
			children = (
				91AE34C91EC54BDA00C00F10 /* Model */,
				91AE4D751EC47BA40063F367 /* View */,
				91AE4D741EC47B980063F367 /* Controller */,
				91AE4D471EC47A760063F367 /* ReSource */,
				91AE4D191EC479D20063F367 /* AppDelegate.swift */,
				91AE4D201EC479D20063F367 /* Assets.xcassets */,
				91AE4D221EC479D20063F367 /* LaunchScreen.storyboard */,
				91AE4D251EC479D20063F367 /* Info.plist */,
			);
			path = CollectInTable;
			sourceTree = "<group>";
		};
		91AE4D2D1EC479D30063F367 /* CollectInTableTests */ = {
			isa = PBXGroup;
			children = (
				91AE4D2E1EC479D30063F367 /* CollectInTableTests.swift */,
				91AE4D301EC479D30063F367 /* Info.plist */,
			);
			path = CollectInTableTests;
			sourceTree = "<group>";
		};
		91AE4D381EC479D30063F367 /* CollectInTableUITests */ = {
			isa = PBXGroup;
			children = (
				91AE4D391EC479D30063F367 /* CollectInTableUITests.swift */,
				91AE4D3B1EC479D30063F367 /* Info.plist */,
			);
			path = CollectInTableUITests;
			sourceTree = "<group>";
		};
		91AE4D471EC47A760063F367 /* ReSource */ = {
			isa = PBXGroup;
			children = (
				91AE4D481EC47B460063F367 /* beverage1.jpg */,
				91AE4D491EC47B460063F367 /* beverage2.jpg */,
				91AE4D4A1EC47B460063F367 /* beverage3.jpg */,
				91AE4D4B1EC47B460063F367 /* beverage4.jpg */,
				91AE4D4C1EC47B460063F367 /* beverage5.jpg */,
				91AE4D4D1EC47B460063F367 /* beverage6.jpg */,
				91AE4D4E1EC47B460063F367 /* beverage7.jpg */,
				91AE4D4F1EC47B460063F367 /* grill1.jpg */,
				91AE4D501EC47B460063F367 /* grill2.jpg */,
				91AE4D511EC47B460063F367 /* grill3.jpg */,
				91AE4D521EC47B460063F367 /* grill4.jpg */,
				91AE4D531EC47B460063F367 /* grill5.jpg */,
				91AE4D541EC47B460063F367 /* grill6.jpg */,
				91AE4D551EC47B460063F367 /* grill7.jpg */,
				91AE4D561EC47B460063F367 /* seafood1.jpg */,
				91AE4D571EC47B460063F367 /* seafood2.jpg */,
				91AE4D581EC47B460063F367 /* seafood3.jpg */,
				91AE4D591EC47B460063F367 /* seafood4.jpg */,
				91AE4D5A1EC47B460063F367 /* seafood5.jpg */,
				91AE4D5B1EC47B460063F367 /* seafood6.jpg */,
				91AE4D5C1EC47B460063F367 /* seafood7.jpg */,
			);
			name = ReSource;
			sourceTree = "<group>";
		};
		91AE4D741EC47B980063F367 /* Controller */ = {
			isa = PBXGroup;
			children = (
				91AE4D721EC47B8E0063F367 /* TableViewController.swift */,
				91AE34C71EC54A3700C00F10 /* TableViewCell.swift */,
				91AE34CC1EC550BB00C00F10 /* CollectionViewCell.swift */,
				91AE34D41EC561E900C00F10 /* DetailVC.swift */,
			);
			name = Controller;
			sourceTree = "<group>";
		};
		91AE4D751EC47BA40063F367 /* View */ = {
			isa = PBXGroup;
			children = (
				91AE4D1D1EC479D20063F367 /* Main.storyboard */,
			);
			name = View;
			sourceTree = "<group>";
		};
/* End PBXGroup section */

/* Begin PBXNativeTarget section */
		91AE4D151EC479D20063F367 /* CollectInTable */ = {
			isa = PBXNativeTarget;
			buildConfigurationList = 91AE4D3E1EC479D30063F367 /* Build configuration list for PBXNativeTarget "CollectInTable" */;
			buildPhases = (
				91AE4D121EC479D20063F367 /* Sources */,
				91AE4D131EC479D20063F367 /* Frameworks */,
				91AE4D141EC479D20063F367 /* Resources */,
			);
			buildRules = (
			);
			dependencies = (
			);
			name = CollectInTable;
			productName = CollectInTable;
			productReference = 91AE4D161EC479D20063F367 /* CollectInTable.app */;
			productType = "com.apple.product-type.application";
		};
		91AE4D291EC479D20063F367 /* CollectInTableTests */ = {
			isa = PBXNativeTarget;
			buildConfigurationList = 91AE4D411EC479D30063F367 /* Build configuration list for PBXNativeTarget "CollectInTableTests" */;
			buildPhases = (
				91AE4D261EC479D20063F367 /* Sources */,
				91AE4D271EC479D20063F367 /* Frameworks */,
				91AE4D281EC479D20063F367 /* Resources */,
			);
			buildRules = (
			);
			dependencies = (
				91AE4D2C1EC479D20063F367 /* PBXTargetDependency */,
			);
			name = CollectInTableTests;
			productName = CollectInTableTests;
			productReference = 91AE4D2A1EC479D20063F367 /* CollectInTableTests.xctest */;
			productType = "com.apple.product-type.bundle.unit-test";
		};
		91AE4D341EC479D30063F367 /* CollectInTableUITests */ = {
			isa = PBXNativeTarget;
			buildConfigurationList = 91AE4D441EC479D30063F367 /* Build configuration list for PBXNativeTarget "CollectInTableUITests" */;
			buildPhases = (
				91AE4D311EC479D30063F367 /* Sources */,
				91AE4D321EC479D30063F367 /* Frameworks */,
				91AE4D331EC479D30063F367 /* Resources */,
			);
			buildRules = (
			);
			dependencies = (
				91AE4D371EC479D30063F367 /* PBXTargetDependency */,
			);
			name = CollectInTableUITests;
			productName = CollectInTableUITests;
			productReference = 91AE4D351EC479D30063F367 /* CollectInTableUITests.xctest */;
			productType = "com.apple.product-type.bundle.ui-testing";
		};
/* End PBXNativeTarget section */

/* Begin PBXProject section */
		91AE4D0E1EC479D20063F367 /* Project object */ = {
			isa = PBXProject;
			attributes = {
				LastSwiftUpdateCheck = 0820;
				LastUpgradeCheck = 0820;
				ORGANIZATIONNAME = Moza;
				TargetAttributes = {
					91AE4D151EC479D20063F367 = {
						CreatedOnToolsVersion = 8.2;
						ProvisioningStyle = Automatic;
					};
					91AE4D291EC479D20063F367 = {
						CreatedOnToolsVersion = 8.2;
						ProvisioningStyle = Automatic;
						TestTargetID = 91AE4D151EC479D20063F367;
					};
					91AE4D341EC479D30063F367 = {
						CreatedOnToolsVersion = 8.2;
						ProvisioningStyle = Automatic;
						TestTargetID = 91AE4D151EC479D20063F367;
					};
				};
			};
			buildConfigurationList = 91AE4D111EC479D20063F367 /* Build configuration list for PBXProject "CollectInTable" */;
			compatibilityVersion = "Xcode 3.2";
			developmentRegion = English;
			hasScannedForEncodings = 0;
			knownRegions = (
				en,
				Base,
			);
			mainGroup = 91AE4D0D1EC479D20063F367;
			productRefGroup = 91AE4D171EC479D20063F367 /* Products */;
			projectDirPath = "";
			projectRoot = "";
			targets = (
				91AE4D151EC479D20063F367 /* CollectInTable */,
				91AE4D291EC479D20063F367 /* CollectInTableTests */,
				91AE4D341EC479D30063F367 /* CollectInTableUITests */,
			);
		};
/* End PBXProject section */

/* Begin PBXResourcesBuildPhase section */
		91AE4D141EC479D20063F367 /* Resources */ = {
			isa = PBXResourcesBuildPhase;
			buildActionMask = 2147483647;
			files = (
				91AE4D701EC47B460063F367 /* seafood6.jpg in Resources */,
				91AE4D681EC47B460063F367 /* grill5.jpg in Resources */,
				91AE4D241EC479D20063F367 /* LaunchScreen.storyboard in Resources */,
				91AE4D711EC47B460063F367 /* seafood7.jpg in Resources */,
				91AE4D601EC47B460063F367 /* beverage4.jpg in Resources */,
				91AE4D631EC47B460063F367 /* beverage7.jpg in Resources */,
				91AE4D611EC47B460063F367 /* beverage5.jpg in Resources */,
				91AE4D6A1EC47B460063F367 /* grill7.jpg in Resources */,
				91AE4D211EC479D20063F367 /* Assets.xcassets in Resources */,
				91AE4D661EC47B460063F367 /* grill3.jpg in Resources */,
				91AE4D621EC47B460063F367 /* beverage6.jpg in Resources */,
				91AE4D5E1EC47B460063F367 /* beverage2.jpg in Resources */,
				91AE4D6C1EC47B460063F367 /* seafood2.jpg in Resources */,
				91AE4D6F1EC47B460063F367 /* seafood5.jpg in Resources */,
				91AE4D691EC47B460063F367 /* grill6.jpg in Resources */,
				91AE4D6E1EC47B460063F367 /* seafood4.jpg in Resources */,
				91AE4D641EC47B460063F367 /* grill1.jpg in Resources */,
				91AE4D5D1EC47B460063F367 /* beverage1.jpg in Resources */,
				91AE4D651EC47B460063F367 /* grill2.jpg in Resources */,
				91AE4D6D1EC47B460063F367 /* seafood3.jpg in Resources */,
				91AE4D671EC47B460063F367 /* grill4.jpg in Resources */,
				91AE4D6B1EC47B460063F367 /* seafood1.jpg in Resources */,
				91AE4D5F1EC47B460063F367 /* beverage3.jpg in Resources */,
				91AE4D1F1EC479D20063F367 /* Main.storyboard in Resources */,
			);
			runOnlyForDeploymentPostprocessing = 0;
		};
		91AE4D281EC479D20063F367 /* Resources */ = {
			isa = PBXResourcesBuildPhase;
			buildActionMask = 2147483647;
			files = (
			);
			runOnlyForDeploymentPostprocessing = 0;
		};
		91AE4D331EC479D30063F367 /* Resources */ = {
			isa = PBXResourcesBuildPhase;
			buildActionMask = 2147483647;
			files = (
			);
			runOnlyForDeploymentPostprocessing = 0;
		};
/* End PBXResourcesBuildPhase section */

/* Begin PBXSourcesBuildPhase section */
		91AE4D121EC479D20063F367 /* Sources */ = {
			isa = PBXSourcesBuildPhase;
			buildActionMask = 2147483647;
			files = (
				91AE34CD1EC550BB00C00F10 /* CollectionViewCell.swift in Sources */,
				91AE34C81EC54A3700C00F10 /* TableViewCell.swift in Sources */,
				91AE34CB1EC54BED00C00F10 /* Image.swift in Sources */,
				91AE4D1A1EC479D20063F367 /* AppDelegate.swift in Sources */,
				91AE4D731EC47B8E0063F367 /* TableViewController.swift in Sources */,
				91AE34D31EC5556900C00F10 /* Category.swift in Sources */,
				91AE34D51EC561E900C00F10 /* DetailVC.swift in Sources */,
			);
			runOnlyForDeploymentPostprocessing = 0;
		};
		91AE4D261EC479D20063F367 /* Sources */ = {
			isa = PBXSourcesBuildPhase;
			buildActionMask = 2147483647;
			files = (
				91AE4D2F1EC479D30063F367 /* CollectInTableTests.swift in Sources */,
			);
			runOnlyForDeploymentPostprocessing = 0;
		};
		91AE4D311EC479D30063F367 /* Sources */ = {
			isa = PBXSourcesBuildPhase;
			buildActionMask = 2147483647;
			files = (
				91AE4D3A1EC479D30063F367 /* CollectInTableUITests.swift in Sources */,
			);
			runOnlyForDeploymentPostprocessing = 0;
		};
/* End PBXSourcesBuildPhase section */

/* Begin PBXTargetDependency section */
		91AE4D2C1EC479D20063F367 /* PBXTargetDependency */ = {
			isa = PBXTargetDependency;
			target = 91AE4D151EC479D20063F367 /* CollectInTable */;
			targetProxy = 91AE4D2B1EC479D20063F367 /* PBXContainerItemProxy */;
		};
		91AE4D371EC479D30063F367 /* PBXTargetDependency */ = {
			isa = PBXTargetDependency;
			target = 91AE4D151EC479D20063F367 /* CollectInTable */;
			targetProxy = 91AE4D361EC479D30063F367 /* PBXContainerItemProxy */;
		};
/* End PBXTargetDependency section */

/* Begin PBXVariantGroup section */
		91AE4D1D1EC479D20063F367 /* Main.storyboard */ = {
			isa = PBXVariantGroup;
			children = (
				91AE4D1E1EC479D20063F367 /* Base */,
			);
			name = Main.storyboard;
			sourceTree = "<group>";
		};
		91AE4D221EC479D20063F367 /* LaunchScreen.storyboard */ = {
			isa = PBXVariantGroup;
			children = (
				91AE4D231EC479D20063F367 /* Base */,
			);
			name = LaunchScreen.storyboard;
			sourceTree = "<group>";
		};
/* End PBXVariantGroup section */

/* Begin XCBuildConfiguration section */
		91AE4D3C1EC479D30063F367 /* Debug */ = {
			isa = XCBuildConfiguration;
			buildSettings = {
				ALWAYS_SEARCH_USER_PATHS = NO;
				CLANG_ANALYZER_NONNULL = YES;
				CLANG_CXX_LANGUAGE_STANDARD = "gnu++0x";
				CLANG_CXX_LIBRARY = "libc++";
				CLANG_ENABLE_MODULES = YES;
				CLANG_ENABLE_OBJC_ARC = YES;
				CLANG_WARN_BOOL_CONVERSION = YES;
				CLANG_WARN_CONSTANT_CONVERSION = YES;
				CLANG_WARN_DIRECT_OBJC_ISA_USAGE = YES_ERROR;
				CLANG_WARN_DOCUMENTATION_COMMENTS = YES;
				CLANG_WARN_EMPTY_BODY = YES;
				CLANG_WARN_ENUM_CONVERSION = YES;
				CLANG_WARN_INFINITE_RECURSION = YES;
				CLANG_WARN_INT_CONVERSION = YES;
				CLANG_WARN_OBJC_ROOT_CLASS = YES_ERROR;
				CLANG_WARN_SUSPICIOUS_MOVE = YES;
				CLANG_WARN_UNREACHABLE_CODE = YES;
				CLANG_WARN__DUPLICATE_METHOD_MATCH = YES;
				"CODE_SIGN_IDENTITY[sdk=iphoneos*]" = "iPhone Developer";
				COPY_PHASE_STRIP = NO;
				DEBUG_INFORMATION_FORMAT = dwarf;
				ENABLE_STRICT_OBJC_MSGSEND = YES;
				ENABLE_TESTABILITY = YES;
				GCC_C_LANGUAGE_STANDARD = gnu99;
				GCC_DYNAMIC_NO_PIC = NO;
				GCC_NO_COMMON_BLOCKS = YES;
				GCC_OPTIMIZATION_LEVEL = 0;
				GCC_PREPROCESSOR_DEFINITIONS = (
					"DEBUG=1",
					"$(inherited)",
				);
				GCC_WARN_64_TO_32_BIT_CONVERSION = YES;
				GCC_WARN_ABOUT_RETURN_TYPE = YES_ERROR;
				GCC_WARN_UNDECLARED_SELECTOR = YES;
				GCC_WARN_UNINITIALIZED_AUTOS = YES_AGGRESSIVE;
				GCC_WARN_UNUSED_FUNCTION = YES;
				GCC_WARN_UNUSED_VARIABLE = YES;
				IPHONEOS_DEPLOYMENT_TARGET = 10.2;
				MTL_ENABLE_DEBUG_INFO = YES;
				ONLY_ACTIVE_ARCH = YES;
				SDKROOT = iphoneos;
				SWIFT_ACTIVE_COMPILATION_CONDITIONS = DEBUG;
				SWIFT_OPTIMIZATION_LEVEL = "-Onone";
				TARGETED_DEVICE_FAMILY = "1,2";
			};
			name = Debug;
		};
		91AE4D3D1EC479D30063F367 /* Release */ = {
			isa = XCBuildConfiguration;
			buildSettings = {
				ALWAYS_SEARCH_USER_PATHS = NO;
				CLANG_ANALYZER_NONNULL = YES;
				CLANG_CXX_LANGUAGE_STANDARD = "gnu++0x";
				CLANG_CXX_LIBRARY = "libc++";
				CLANG_ENABLE_MODULES = YES;
				CLANG_ENABLE_OBJC_ARC = YES;
				CLANG_WARN_BOOL_CONVERSION = YES;
				CLANG_WARN_CONSTANT_CONVERSION = YES;
				CLANG_WARN_DIRECT_OBJC_ISA_USAGE = YES_ERROR;
				CLANG_WARN_DOCUMENTATION_COMMENTS = YES;
				CLANG_WARN_EMPTY_BODY = YES;
				CLANG_WARN_ENUM_CONVERSION = YES;
				CLANG_WARN_INFINITE_RECURSION = YES;
				CLANG_WARN_INT_CONVERSION = YES;
				CLANG_WARN_OBJC_ROOT_CLASS = YES_ERROR;
				CLANG_WARN_SUSPICIOUS_MOVE = YES;
				CLANG_WARN_UNREACHABLE_CODE = YES;
				CLANG_WARN__DUPLICATE_METHOD_MATCH = YES;
				"CODE_SIGN_IDENTITY[sdk=iphoneos*]" = "iPhone Developer";
				COPY_PHASE_STRIP = NO;
				DEBUG_INFORMATION_FORMAT = "dwarf-with-dsym";
				ENABLE_NS_ASSERTIONS = NO;
				ENABLE_STRICT_OBJC_MSGSEND = YES;
				GCC_C_LANGUAGE_STANDARD = gnu99;
				GCC_NO_COMMON_BLOCKS = YES;
				GCC_WARN_64_TO_32_BIT_CONVERSION = YES;
				GCC_WARN_ABOUT_RETURN_TYPE = YES_ERROR;
				GCC_WARN_UNDECLARED_SELECTOR = YES;
				GCC_WARN_UNINITIALIZED_AUTOS = YES_AGGRESSIVE;
				GCC_WARN_UNUSED_FUNCTION = YES;
				GCC_WARN_UNUSED_VARIABLE = YES;
				IPHONEOS_DEPLOYMENT_TARGET = 10.2;
				MTL_ENABLE_DEBUG_INFO = NO;
				SDKROOT = iphoneos;
				SWIFT_OPTIMIZATION_LEVEL = "-Owholemodule";
				TARGETED_DEVICE_FAMILY = "1,2";
				VALIDATE_PRODUCT = YES;
			};
			name = Release;
		};
		91AE4D3F1EC479D30063F367 /* Debug */ = {
			isa = XCBuildConfiguration;
			buildSettings = {
				ASSETCATALOG_COMPILER_APPICON_NAME = AppIcon;
				INFOPLIST_FILE = CollectInTable/Info.plist;
				LD_RUNPATH_SEARCH_PATHS = "$(inherited) @executable_path/Frameworks";
				PRODUCT_BUNDLE_IDENTIFIER = Tek4Fun.CollectInTable;
				PRODUCT_NAME = "$(TARGET_NAME)";
				SWIFT_VERSION = 3.0;
			};
			name = Debug;
		};
		91AE4D401EC479D30063F367 /* Release */ = {
			isa = XCBuildConfiguration;
			buildSettings = {
				ASSETCATALOG_COMPILER_APPICON_NAME = AppIcon;
				INFOPLIST_FILE = CollectInTable/Info.plist;
				LD_RUNPATH_SEARCH_PATHS = "$(inherited) @executable_path/Frameworks";
				PRODUCT_BUNDLE_IDENTIFIER = Tek4Fun.CollectInTable;
				PRODUCT_NAME = "$(TARGET_NAME)";
				SWIFT_VERSION = 3.0;
			};
			name = Release;
		};
		91AE4D421EC479D30063F367 /* Debug */ = {
			isa = XCBuildConfiguration;
			buildSettings = {
				ALWAYS_EMBED_SWIFT_STANDARD_LIBRARIES = YES;
				BUNDLE_LOADER = "$(TEST_HOST)";
				INFOPLIST_FILE = CollectInTableTests/Info.plist;
				LD_RUNPATH_SEARCH_PATHS = "$(inherited) @executable_path/Frameworks @loader_path/Frameworks";
				PRODUCT_BUNDLE_IDENTIFIER = Tek4Fun.CollectInTableTests;
				PRODUCT_NAME = "$(TARGET_NAME)";
				SWIFT_VERSION = 3.0;
				TEST_HOST = "$(BUILT_PRODUCTS_DIR)/CollectInTable.app/CollectInTable";
			};
			name = Debug;
		};
		91AE4D431EC479D30063F367 /* Release */ = {
			isa = XCBuildConfiguration;
			buildSettings = {
				ALWAYS_EMBED_SWIFT_STANDARD_LIBRARIES = YES;
				BUNDLE_LOADER = "$(TEST_HOST)";
				INFOPLIST_FILE = CollectInTableTests/Info.plist;
				LD_RUNPATH_SEARCH_PATHS = "$(inherited) @executable_path/Frameworks @loader_path/Frameworks";
				PRODUCT_BUNDLE_IDENTIFIER = Tek4Fun.CollectInTableTests;
				PRODUCT_NAME = "$(TARGET_NAME)";
				SWIFT_VERSION = 3.0;
				TEST_HOST = "$(BUILT_PRODUCTS_DIR)/CollectInTable.app/CollectInTable";
			};
			name = Release;
		};
		91AE4D451EC479D30063F367 /* Debug */ = {
			isa = XCBuildConfiguration;
			buildSettings = {
				ALWAYS_EMBED_SWIFT_STANDARD_LIBRARIES = YES;
				INFOPLIST_FILE = CollectInTableUITests/Info.plist;
				LD_RUNPATH_SEARCH_PATHS = "$(inherited) @executable_path/Frameworks @loader_path/Frameworks";
				PRODUCT_BUNDLE_IDENTIFIER = Tek4Fun.CollectInTableUITests;
				PRODUCT_NAME = "$(TARGET_NAME)";
				SWIFT_VERSION = 3.0;
				TEST_TARGET_NAME = CollectInTable;
			};
			name = Debug;
		};
		91AE4D461EC479D30063F367 /* Release */ = {
			isa = XCBuildConfiguration;
			buildSettings = {
				ALWAYS_EMBED_SWIFT_STANDARD_LIBRARIES = YES;
				INFOPLIST_FILE = CollectInTableUITests/Info.plist;
				LD_RUNPATH_SEARCH_PATHS = "$(inherited) @executable_path/Frameworks @loader_path/Frameworks";
				PRODUCT_BUNDLE_IDENTIFIER = Tek4Fun.CollectInTableUITests;
				PRODUCT_NAME = "$(TARGET_NAME)";
				SWIFT_VERSION = 3.0;
				TEST_TARGET_NAME = CollectInTable;
			};
			name = Release;
		};
/* End XCBuildConfiguration section */

/* Begin XCConfigurationList section */
		91AE4D111EC479D20063F367 /* Build configuration list for PBXProject "CollectInTable" */ = {
			isa = XCConfigurationList;
			buildConfigurations = (
				91AE4D3C1EC479D30063F367 /* Debug */,
				91AE4D3D1EC479D30063F367 /* Release */,
			);
			defaultConfigurationIsVisible = 0;
			defaultConfigurationName = Release;
		};
		91AE4D3E1EC479D30063F367 /* Build configuration list for PBXNativeTarget "CollectInTable" */ = {
			isa = XCConfigurationList;
			buildConfigurations = (
				91AE4D3F1EC479D30063F367 /* Debug */,
				91AE4D401EC479D30063F367 /* Release */,
			);
			defaultConfigurationIsVisible = 0;
			defaultConfigurationName = Release;
		};
		91AE4D411EC479D30063F367 /* Build configuration list for PBXNativeTarget "CollectInTableTests" */ = {
			isa = XCConfigurationList;
			buildConfigurations = (
				91AE4D421EC479D30063F367 /* Debug */,
				91AE4D431EC479D30063F367 /* Release */,
			);
			defaultConfigurationIsVisible = 0;
			defaultConfigurationName = Release;
		};
		91AE4D441EC479D30063F367 /* Build configuration list for PBXNativeTarget "CollectInTableUITests" */ = {
			isa = XCConfigurationList;
			buildConfigurations = (
				91AE4D451EC479D30063F367 /* Debug */,
				91AE4D461EC479D30063F367 /* Release */,
			);
			defaultConfigurationIsVisible = 0;
			defaultConfigurationName = Release;
		};
/* End XCConfigurationList section */
	};
	rootObject = 91AE4D0E1EC479D20063F367 /* Project object */;
}
